
Microsoft Visual Studio Solution File, Format Version 12.00
# Visual Studio Version 16
VisualStudioVersion = 16.0.810.14
MinimumVisualStudioVersion = 10.0.40219.1
Project("{FAE04EC0-301F-11D3-BF4B-00C04F79EFBC}") = "WavContactLogin", "WavContactLogin.csproj", "{71121B9C-690A-49D9-8CAF-47530A1AA64F}"
EndProject
Global
	GlobalSection(SolutionConfigurationPlatforms) = preSolution
		Debug|Any CPU = Debug|Any CPU
		Release|Any CPU = Release|Any CPU
	EndGlobalSection
	GlobalSection(ProjectConfigurationPlatforms) = postSolution
		{71121B9C-690A-49D9-8CAF-47530A1AA64F}.Debug|Any CPU.ActiveCfg = Debug|Any CPU
		{71121B9C-690A-49D9-8CAF-47530A1AA64F}.Debug|Any CPU.Build.0 = Debug|Any CPU
		{71121B9C-690A-49D9-8CAF-47530A1AA64F}.Release|Any CPU.ActiveCfg = Release|Any CPU
		{71121B9C-690A-49D9-8CAF-47530A1AA64F}.Release|Any CPU.Build.0 = Release|Any CPU
	EndGlobalSection
	GlobalSection(SolutionProperties) = preSolution
		HideSolutionNode = FALSE
	EndGlobalSection
	GlobalSection(ExtensibilityGlobals) = postSolution
		SolutionGuid = {F87B1466-68CE-48B1-BF5C-A65575814BA5}
	EndGlobalSection
EndGlobal
