
Microsoft Visual Studio Solution File, Format Version 12.00
# Visual Studio Version 16
VisualStudioVersion = 16.0.31613.86
MinimumVisualStudioVersion = 10.0.40219.1
Project("{9A19103F-16F7-4668-BE54-9A1E7A4F7556}") = "WavContactLogin", "WavContactLogin\WavContactLogin.csproj", "{8C8B5F02-24AF-4CB1-B857-F07164BFC59E}"
EndProject
Project("{FAE04EC0-301F-11D3-BF4B-00C04F79EFBC}") = "LoginTests", "LoginTests\LoginTests.csproj", "{4D2432F8-4D39-44AA-9467-734912D0771E}"
EndProject
Global
	GlobalSection(SolutionConfigurationPlatforms) = preSolution
		Debug|Any CPU = Debug|Any CPU
		Release|Any CPU = Release|Any CPU
	EndGlobalSection
	GlobalSection(ProjectConfigurationPlatforms) = postSolution
		{8C8B5F02-24AF-4CB1-B857-F07164BFC59E}.Debug|Any CPU.ActiveCfg = Debug|Any CPU
		{8C8B5F02-24AF-4CB1-B857-F07164BFC59E}.Debug|Any CPU.Build.0 = Debug|Any CPU
		{8C8B5F02-24AF-4CB1-B857-F07164BFC59E}.Release|Any CPU.ActiveCfg = Release|Any CPU
		{8C8B5F02-24AF-4CB1-B857-F07164BFC59E}.Release|Any CPU.Build.0 = Release|Any CPU
		{4D2432F8-4D39-44AA-9467-734912D0771E}.Debug|Any CPU.ActiveCfg = Debug|Any CPU
		{4D2432F8-4D39-44AA-9467-734912D0771E}.Debug|Any CPU.Build.0 = Debug|Any CPU
		{4D2432F8-4D39-44AA-9467-734912D0771E}.Release|Any CPU.ActiveCfg = Release|Any CPU
		{4D2432F8-4D39-44AA-9467-734912D0771E}.Release|Any CPU.Build.0 = Release|Any CPU
	EndGlobalSection
	GlobalSection(SolutionProperties) = preSolution
		HideSolutionNode = FALSE
	EndGlobalSection
	GlobalSection(ExtensibilityGlobals) = postSolution
		SolutionGuid = {A9ABC852-CCEA-4F0A-A5CC-EC47C88D495C}
	EndGlobalSection
EndGlobal
