
Microsoft Visual Studio Solution File, Format Version 12.00
# Visual Studio Version 17
VisualStudioVersion = 17.1.32210.238
MinimumVisualStudioVersion = 10.0.40219.1
Project("{9A19103F-16F7-4668-BE54-9A1E7A4F7556}") = "WavContact", "WavContact\WavContact.csproj", "{B8D13D36-EB35-4B6B-B359-2528DEEE3709}"
EndProject
Project("{9A19103F-16F7-4668-BE54-9A1E7A4F7556}") = "Tests", "Tests\Tests.csproj", "{628E4103-FF53-4E6D-963F-4B7AFE7F4148}"
EndProject
Project("{54435603-DBB4-11D2-8724-00A0C9A8B90C}") = "WavSetup", "WavSetup\WavSetup.vdproj", "{F60D3084-E65E-4B54-8A1D-492F8C7D6E31}"
EndProject
Global
	GlobalSection(SolutionConfigurationPlatforms) = preSolution
		Debug|Any CPU = Debug|Any CPU
		Debug|ARM64 = Debug|ARM64
		Release|Any CPU = Release|Any CPU
		Release|ARM64 = Release|ARM64
	EndGlobalSection
	GlobalSection(ProjectConfigurationPlatforms) = postSolution
		{B8D13D36-EB35-4B6B-B359-2528DEEE3709}.Debug|Any CPU.ActiveCfg = Debug|Any CPU
		{B8D13D36-EB35-4B6B-B359-2528DEEE3709}.Debug|Any CPU.Build.0 = Debug|Any CPU
		{B8D13D36-EB35-4B6B-B359-2528DEEE3709}.Debug|ARM64.ActiveCfg = Release|ARM64
		{B8D13D36-EB35-4B6B-B359-2528DEEE3709}.Debug|ARM64.Build.0 = Release|ARM64
		{B8D13D36-EB35-4B6B-B359-2528DEEE3709}.Release|Any CPU.ActiveCfg = Release|Any CPU
		{B8D13D36-EB35-4B6B-B359-2528DEEE3709}.Release|Any CPU.Build.0 = Release|Any CPU
		{B8D13D36-EB35-4B6B-B359-2528DEEE3709}.Release|ARM64.ActiveCfg = Release|ARM64
		{B8D13D36-EB35-4B6B-B359-2528DEEE3709}.Release|ARM64.Build.0 = Release|ARM64
		{628E4103-FF53-4E6D-963F-4B7AFE7F4148}.Debug|Any CPU.ActiveCfg = Debug|Any CPU
		{628E4103-FF53-4E6D-963F-4B7AFE7F4148}.Debug|ARM64.ActiveCfg = Debug|Any CPU
		{628E4103-FF53-4E6D-963F-4B7AFE7F4148}.Release|Any CPU.ActiveCfg = Release|Any CPU
		{628E4103-FF53-4E6D-963F-4B7AFE7F4148}.Release|Any CPU.Build.0 = Release|Any CPU
		{628E4103-FF53-4E6D-963F-4B7AFE7F4148}.Release|ARM64.ActiveCfg = Release|Any CPU
		{628E4103-FF53-4E6D-963F-4B7AFE7F4148}.Release|ARM64.Build.0 = Release|Any CPU
		{F60D3084-E65E-4B54-8A1D-492F8C7D6E31}.Debug|Any CPU.ActiveCfg = Debug
		{F60D3084-E65E-4B54-8A1D-492F8C7D6E31}.Debug|Any CPU.Build.0 = Debug
		{F60D3084-E65E-4B54-8A1D-492F8C7D6E31}.Debug|ARM64.ActiveCfg = Debug
		{F60D3084-E65E-4B54-8A1D-492F8C7D6E31}.Debug|ARM64.Build.0 = Debug
		{F60D3084-E65E-4B54-8A1D-492F8C7D6E31}.Release|Any CPU.ActiveCfg = Release
		{F60D3084-E65E-4B54-8A1D-492F8C7D6E31}.Release|Any CPU.Build.0 = Release
		{F60D3084-E65E-4B54-8A1D-492F8C7D6E31}.Release|ARM64.ActiveCfg = Release
		{F60D3084-E65E-4B54-8A1D-492F8C7D6E31}.Release|ARM64.Build.0 = Release
	EndGlobalSection
	GlobalSection(SolutionProperties) = preSolution
		HideSolutionNode = FALSE
	EndGlobalSection
	GlobalSection(ExtensibilityGlobals) = postSolution
		SolutionGuid = {7FA1C0D4-F488-4404-9A26-C5D8C42CC6E8}
	EndGlobalSection
EndGlobal
